
Microsoft Visual Studio Solution File, Format Version 12.00
# Visual Studio Version 17
VisualStudioVersion = 17.4.33110.190
MinimumVisualStudioVersion = 10.0.40219.1
Project("{9A19103F-16F7-4668-BE54-9A1E7A4F7556}") = "AdventOfCode22", "AdventOfCode22\AdventOfCode22.csproj", "{11AF3435-D754-4375-BEFA-AB34BBE0AEFE}"
EndProject
Project("{9A19103F-16F7-4668-BE54-9A1E7A4F7556}") = "Day01", "Day01\Day01.csproj", "{B35B1D1A-C6E8-4FE1-BE41-68B94A17A6F0}"
EndProject
Project("{9A19103F-16F7-4668-BE54-9A1E7A4F7556}") = "Day02", "Day02\Day02.csproj", "{45B4F5A9-9182-4A10-B1BF-E3BF049E5F11}"
EndProject
Project("{FAE04EC0-301F-11D3-BF4B-00C04F79EFBC}") = "Day03", "Day03\Day03.csproj", "{3B578011-22A1-49E6-9DD9-54CDA60BD445}"
EndProject
Project("{FAE04EC0-301F-11D3-BF4B-00C04F79EFBC}") = "Day04", "Day04\Day04.csproj", "{849699F3-87CC-41D8-B2B3-1DA3B2B5BA45}"
EndProject
Project("{FAE04EC0-301F-11D3-BF4B-00C04F79EFBC}") = "Day05", "Day05\Day05.csproj", "{1090B761-2135-4F85-B12F-E528CA1E00D3}"
EndProject
Project("{FAE04EC0-301F-11D3-BF4B-00C04F79EFBC}") = "Day06", "Day06\Day06.csproj", "{15EC19F2-3290-4D4F-80AB-2135076B8AEE}"
EndProject
Project("{FAE04EC0-301F-11D3-BF4B-00C04F79EFBC}") = "Day07", "Day08\Day07.csproj", "{1FA8E8C4-85ED-4696-8073-C1E8D273C661}"
EndProject
Global
	GlobalSection(SolutionConfigurationPlatforms) = preSolution
		Debug|Any CPU = Debug|Any CPU
		Release|Any CPU = Release|Any CPU
	EndGlobalSection
	GlobalSection(ProjectConfigurationPlatforms) = postSolution
		{11AF3435-D754-4375-BEFA-AB34BBE0AEFE}.Debug|Any CPU.ActiveCfg = Debug|Any CPU
		{11AF3435-D754-4375-BEFA-AB34BBE0AEFE}.Debug|Any CPU.Build.0 = Debug|Any CPU
		{11AF3435-D754-4375-BEFA-AB34BBE0AEFE}.Release|Any CPU.ActiveCfg = Release|Any CPU
		{11AF3435-D754-4375-BEFA-AB34BBE0AEFE}.Release|Any CPU.Build.0 = Release|Any CPU
		{B35B1D1A-C6E8-4FE1-BE41-68B94A17A6F0}.Debug|Any CPU.ActiveCfg = Debug|Any CPU
		{B35B1D1A-C6E8-4FE1-BE41-68B94A17A6F0}.Debug|Any CPU.Build.0 = Debug|Any CPU
		{B35B1D1A-C6E8-4FE1-BE41-68B94A17A6F0}.Release|Any CPU.ActiveCfg = Release|Any CPU
		{B35B1D1A-C6E8-4FE1-BE41-68B94A17A6F0}.Release|Any CPU.Build.0 = Release|Any CPU
		{45B4F5A9-9182-4A10-B1BF-E3BF049E5F11}.Debug|Any CPU.ActiveCfg = Debug|Any CPU
		{45B4F5A9-9182-4A10-B1BF-E3BF049E5F11}.Debug|Any CPU.Build.0 = Debug|Any CPU
		{45B4F5A9-9182-4A10-B1BF-E3BF049E5F11}.Release|Any CPU.ActiveCfg = Release|Any CPU
		{45B4F5A9-9182-4A10-B1BF-E3BF049E5F11}.Release|Any CPU.Build.0 = Release|Any CPU
		{3B578011-22A1-49E6-9DD9-54CDA60BD445}.Debug|Any CPU.ActiveCfg = Debug|Any CPU
		{3B578011-22A1-49E6-9DD9-54CDA60BD445}.Debug|Any CPU.Build.0 = Debug|Any CPU
		{3B578011-22A1-49E6-9DD9-54CDA60BD445}.Release|Any CPU.ActiveCfg = Release|Any CPU
		{3B578011-22A1-49E6-9DD9-54CDA60BD445}.Release|Any CPU.Build.0 = Release|Any CPU
		{849699F3-87CC-41D8-B2B3-1DA3B2B5BA45}.Debug|Any CPU.ActiveCfg = Debug|Any CPU
		{849699F3-87CC-41D8-B2B3-1DA3B2B5BA45}.Debug|Any CPU.Build.0 = Debug|Any CPU
		{849699F3-87CC-41D8-B2B3-1DA3B2B5BA45}.Release|Any CPU.ActiveCfg = Release|Any CPU
		{849699F3-87CC-41D8-B2B3-1DA3B2B5BA45}.Release|Any CPU.Build.0 = Release|Any CPU
		{1090B761-2135-4F85-B12F-E528CA1E00D3}.Debug|Any CPU.ActiveCfg = Debug|Any CPU
		{1090B761-2135-4F85-B12F-E528CA1E00D3}.Debug|Any CPU.Build.0 = Debug|Any CPU
		{1090B761-2135-4F85-B12F-E528CA1E00D3}.Release|Any CPU.ActiveCfg = Release|Any CPU
		{1090B761-2135-4F85-B12F-E528CA1E00D3}.Release|Any CPU.Build.0 = Release|Any CPU
		{15EC19F2-3290-4D4F-80AB-2135076B8AEE}.Debug|Any CPU.ActiveCfg = Debug|Any CPU
		{15EC19F2-3290-4D4F-80AB-2135076B8AEE}.Debug|Any CPU.Build.0 = Debug|Any CPU
		{15EC19F2-3290-4D4F-80AB-2135076B8AEE}.Release|Any CPU.ActiveCfg = Release|Any CPU
		{15EC19F2-3290-4D4F-80AB-2135076B8AEE}.Release|Any CPU.Build.0 = Release|Any CPU
		{1FA8E8C4-85ED-4696-8073-C1E8D273C661}.Debug|Any CPU.ActiveCfg = Debug|Any CPU
		{1FA8E8C4-85ED-4696-8073-C1E8D273C661}.Debug|Any CPU.Build.0 = Debug|Any CPU
		{1FA8E8C4-85ED-4696-8073-C1E8D273C661}.Release|Any CPU.ActiveCfg = Release|Any CPU
		{1FA8E8C4-85ED-4696-8073-C1E8D273C661}.Release|Any CPU.Build.0 = Release|Any CPU
	EndGlobalSection
	GlobalSection(SolutionProperties) = preSolution
		HideSolutionNode = FALSE
	EndGlobalSection
	GlobalSection(ExtensibilityGlobals) = postSolution
		SolutionGuid = {F03F58B2-338E-4D37-A3EC-2BC8A9D7F5BA}
	EndGlobalSection
EndGlobal
